
Microsoft Visual Studio Solution File, Format Version 12.00
# Visual Studio Version 17
VisualStudioVersion = 17.8.34309.116
MinimumVisualStudioVersion = 10.0.40219.1
Project("{FAE04EC0-301F-11D3-BF4B-00C04F79EFBC}") = "Assignment", "Assignment\Assignment.csproj", "{19219B72-250D-4FB7-B812-C25CE8557EB6}"
EndProject
Global
	GlobalSection(SolutionConfigurationPlatforms) = preSolution
		Debug|Any CPU = Debug|Any CPU
		Release|Any CPU = Release|Any CPU
	EndGlobalSection
	GlobalSection(ProjectConfigurationPlatforms) = postSolution
		{19219B72-250D-4FB7-B812-C25CE8557EB6}.Debug|Any CPU.ActiveCfg = Debug|Any CPU
		{19219B72-250D-4FB7-B812-C25CE8557EB6}.Debug|Any CPU.Build.0 = Debug|Any CPU
		{19219B72-250D-4FB7-B812-C25CE8557EB6}.Release|Any CPU.ActiveCfg = Release|Any CPU
		{19219B72-250D-4FB7-B812-C25CE8557EB6}.Release|Any CPU.Build.0 = Release|Any CPU
	EndGlobalSection
	GlobalSection(SolutionProperties) = preSolution
		HideSolutionNode = FALSE
	EndGlobalSection
	GlobalSection(ExtensibilityGlobals) = postSolution
		SolutionGuid = {C71C8B49-10CB-4147-847E-500631B22DA0}
	EndGlobalSection
EndGlobal
